
Microsoft Visual Studio Solution File, Format Version 12.00
# Visual Studio 15
VisualStudioVersion = 15.0.28307.1082
MinimumVisualStudioVersion = 10.0.40219.1
Project("{FAE04EC0-301F-11D3-BF4B-00C04F79EFBC}") = "PI-IngeBases-G1", "PI-IngeBases-G1\PI-IngeBases-G1.csproj", "{8586ED33-8020-4E6B-B8A3-5CF3D65906E1}"
EndProject
Global
	GlobalSection(SolutionConfigurationPlatforms) = preSolution
		Debug|Any CPU = Debug|Any CPU
		Release|Any CPU = Release|Any CPU
	EndGlobalSection
	GlobalSection(ProjectConfigurationPlatforms) = postSolution
		{8586ED33-8020-4E6B-B8A3-5CF3D65906E1}.Debug|Any CPU.ActiveCfg = Debug|Any CPU
		{8586ED33-8020-4E6B-B8A3-5CF3D65906E1}.Debug|Any CPU.Build.0 = Debug|Any CPU
		{8586ED33-8020-4E6B-B8A3-5CF3D65906E1}.Release|Any CPU.ActiveCfg = Release|Any CPU
		{8586ED33-8020-4E6B-B8A3-5CF3D65906E1}.Release|Any CPU.Build.0 = Release|Any CPU
	EndGlobalSection
	GlobalSection(SolutionProperties) = preSolution
		HideSolutionNode = FALSE
	EndGlobalSection
	GlobalSection(ExtensibilityGlobals) = postSolution
		SolutionGuid = {CFE99713-4796-4822-A1B4-322E8AE2E19D}
	EndGlobalSection
EndGlobal
